// !$*UTF8*$!
{
	archiveVersion = 1;
	classes = {
	};
	objectVersion = 48;
	objects = {

/* Begin PBXBuildFile section */
		E82AED501F6E31BD00F2AA9C /* ListItem.m in Sources */ = {isa = PBXBuildFile; fileRef = E82AED4F1F6E31BD00F2AA9C /* ListItem.m */; };
		E843A5441F6ADD64000F53BC /* AppDelegate.m in Sources */ = {isa = PBXBuildFile; fileRef = E843A5431F6ADD64000F53BC /* AppDelegate.m */; };
		E843A5471F6ADD64000F53BC /* ListViewController.m in Sources */ = {isa = PBXBuildFile; fileRef = E843A5461F6ADD64000F53BC /* ListViewController.m */; };
		E843A54C1F6ADD64000F53BC /* Assets.xcassets in Resources */ = {isa = PBXBuildFile; fileRef = E843A54B1F6ADD64000F53BC /* Assets.xcassets */; };
		E843A5521F6ADD65000F53BC /* main.m in Sources */ = {isa = PBXBuildFile; fileRef = E843A5511F6ADD65000F53BC /* main.m */; };
		E843A55C1F6AE06A000F53BC /* ListTableViewCell.m in Sources */ = {isa = PBXBuildFile; fileRef = E843A55B1F6AE06A000F53BC /* ListTableViewCell.m */; };
		E843A56D1F6AE257000F53BC /* CommonFunctions.m in Sources */ = {isa = PBXBuildFile; fileRef = E843A56C1F6AE257000F53BC /* CommonFunctions.m */; };
/* End PBXBuildFile section */

/* Begin PBXFileReference section */
		E82AED4E1F6E31BD00F2AA9C /* ListItem.h */ = {isa = PBXFileReference; fileEncoding = 4; lastKnownFileType = sourcecode.c.h; path = ListItem.h; sourceTree = "<group>"; };
		E82AED4F1F6E31BD00F2AA9C /* ListItem.m */ = {isa = PBXFileReference; fileEncoding = 4; lastKnownFileType = sourcecode.c.objc; path = ListItem.m; sourceTree = "<group>"; };
		E843A53F1F6ADD64000F53BC /* List.app */ = {isa = PBXFileReference; explicitFileType = wrapper.application; includeInIndex = 0; path = List.app; sourceTree = BUILT_PRODUCTS_DIR; };
		E843A5421F6ADD64000F53BC /* AppDelegate.h */ = {isa = PBXFileReference; lastKnownFileType = sourcecode.c.h; path = AppDelegate.h; sourceTree = "<group>"; };
		E843A5431F6ADD64000F53BC /* AppDelegate.m */ = {isa = PBXFileReference; lastKnownFileType = sourcecode.c.objc; path = AppDelegate.m; sourceTree = "<group>"; };
		E843A5451F6ADD64000F53BC /* ListViewController.h */ = {isa = PBXFileReference; lastKnownFileType = sourcecode.c.h; path = ListViewController.h; sourceTree = "<group>"; };
		E843A5461F6ADD64000F53BC /* ListViewController.m */ = {isa = PBXFileReference; lastKnownFileType = sourcecode.c.objc; path = ListViewController.m; sourceTree = "<group>"; };
		E843A54B1F6ADD64000F53BC /* Assets.xcassets */ = {isa = PBXFileReference; lastKnownFileType = folder.assetcatalog; path = Assets.xcassets; sourceTree = "<group>"; };
		E843A5501F6ADD65000F53BC /* Info.plist */ = {isa = PBXFileReference; lastKnownFileType = text.plist.xml; path = Info.plist; sourceTree = "<group>"; };
		E843A5511F6ADD65000F53BC /* main.m */ = {isa = PBXFileReference; lastKnownFileType = sourcecode.c.objc; path = main.m; sourceTree = "<group>"; };
		E843A55A1F6AE06A000F53BC /* ListTableViewCell.h */ = {isa = PBXFileReference; lastKnownFileType = sourcecode.c.h; path = ListTableViewCell.h; sourceTree = "<group>"; };
		E843A55B1F6AE06A000F53BC /* ListTableViewCell.m */ = {isa = PBXFileReference; lastKnownFileType = sourcecode.c.objc; path = ListTableViewCell.m; sourceTree = "<group>"; };
		E843A56B1F6AE257000F53BC /* CommonFunctions.h */ = {isa = PBXFileReference; lastKnownFileType = sourcecode.c.h; path = CommonFunctions.h; sourceTree = "<group>"; };
		E843A56C1F6AE257000F53BC /* CommonFunctions.m */ = {isa = PBXFileReference; lastKnownFileType = sourcecode.c.objc; path = CommonFunctions.m; sourceTree = "<group>"; };
/* End PBXFileReference section */

/* Begin PBXFrameworksBuildPhase section */
		E843A53C1F6ADD64000F53BC /* Frameworks */ = {
			isa = PBXFrameworksBuildPhase;
			buildActionMask = 2147483647;
			files = (
			);
			runOnlyForDeploymentPostprocessing = 0;
		};
/* End PBXFrameworksBuildPhase section */

/* Begin PBXGroup section */
		E843A5361F6ADD64000F53BC = {
			isa = PBXGroup;
			children = (
				E843A5411F6ADD64000F53BC /* List */,
				E843A5401F6ADD64000F53BC /* Products */,
			);
			sourceTree = "<group>";
		};
		E843A5401F6ADD64000F53BC /* Products */ = {
			isa = PBXGroup;
			children = (
				E843A53F1F6ADD64000F53BC /* List.app */,
			);
			name = Products;
			sourceTree = "<group>";
		};
		E843A5411F6ADD64000F53BC /* List */ = {
			isa = PBXGroup;
			children = (
				E843A55D1F6AE090000F53BC /* Commons */,
				E843A5591F6ADDF1000F53BC /* Views */,
				E843A5581F6ADDBB000F53BC /* Models */,
				E843A5421F6ADD64000F53BC /* AppDelegate.h */,
				E843A5431F6ADD64000F53BC /* AppDelegate.m */,
				E843A5451F6ADD64000F53BC /* ListViewController.h */,
				E843A5461F6ADD64000F53BC /* ListViewController.m */,
				E843A54B1F6ADD64000F53BC /* Assets.xcassets */,
				E843A5501F6ADD65000F53BC /* Info.plist */,
				E843A5511F6ADD65000F53BC /* main.m */,
			);
			path = List;
			sourceTree = "<group>";
		};
		E843A5581F6ADDBB000F53BC /* Models */ = {
			isa = PBXGroup;
			children = (
				E82AED4E1F6E31BD00F2AA9C /* ListItem.h */,
				E82AED4F1F6E31BD00F2AA9C /* ListItem.m */,
			);
			path = Models;
			sourceTree = "<group>";
		};
		E843A5591F6ADDF1000F53BC /* Views */ = {
			isa = PBXGroup;
			children = (
				E843A55A1F6AE06A000F53BC /* ListTableViewCell.h */,
				E843A55B1F6AE06A000F53BC /* ListTableViewCell.m */,
			);
			path = Views;
			sourceTree = "<group>";
		};
		E843A55D1F6AE090000F53BC /* Commons */ = {
			isa = PBXGroup;
			children = (
				E843A56B1F6AE257000F53BC /* CommonFunctions.h */,
				E843A56C1F6AE257000F53BC /* CommonFunctions.m */,
			);
			path = Commons;
			sourceTree = "<group>";
		};
/* End PBXGroup section */

/* Begin PBXNativeTarget section */
		E843A53E1F6ADD64000F53BC /* List */ = {
			isa = PBXNativeTarget;
			buildConfigurationList = E843A5551F6ADD65000F53BC /* Build configuration list for PBXNativeTarget "List" */;
			buildPhases = (
				E843A53B1F6ADD64000F53BC /* Sources */,
				E843A53C1F6ADD64000F53BC /* Frameworks */,
				E843A53D1F6ADD64000F53BC /* Resources */,
			);
			buildRules = (
			);
			dependencies = (
			);
			name = List;
			productName = List;
			productReference = E843A53F1F6ADD64000F53BC /* List.app */;
			productType = "com.apple.product-type.application";
		};
/* End PBXNativeTarget section */

/* Begin PBXProject section */
		E843A5371F6ADD64000F53BC /* Project object */ = {
			isa = PBXProject;
			attributes = {
				LastUpgradeCheck = 0900;
				ORGANIZATIONNAME = acyooman;
				TargetAttributes = {
					E843A53E1F6ADD64000F53BC = {
						CreatedOnToolsVersion = 9.0;
						ProvisioningStyle = Automatic;
					};
				};
			};
			buildConfigurationList = E843A53A1F6ADD64000F53BC /* Build configuration list for PBXProject "List" */;
			compatibilityVersion = "Xcode 8.0";
			developmentRegion = en;
			hasScannedForEncodings = 0;
			knownRegions = (
				en,
				Base,
			);
			mainGroup = E843A5361F6ADD64000F53BC;
			productRefGroup = E843A5401F6ADD64000F53BC /* Products */;
			projectDirPath = "";
			projectRoot = "";
			targets = (
				E843A53E1F6ADD64000F53BC /* List */,
			);
		};
/* End PBXProject section */

/* Begin PBXResourcesBuildPhase section */
		E843A53D1F6ADD64000F53BC /* Resources */ = {
			isa = PBXResourcesBuildPhase;
			buildActionMask = 2147483647;
			files = (
				E843A54C1F6ADD64000F53BC /* Assets.xcassets in Resources */,
			);
			runOnlyForDeploymentPostprocessing = 0;
		};
/* End PBXResourcesBuildPhase section */

/* Begin PBXSourcesBuildPhase section */
		E843A53B1F6ADD64000F53BC /* Sources */ = {
			isa = PBXSourcesBuildPhase;
			buildActionMask = 2147483647;
			files = (
				E843A5471F6ADD64000F53BC /* ListViewController.m in Sources */,
				E843A55C1F6AE06A000F53BC /* ListTableViewCell.m in Sources */,
				E82AED501F6E31BD00F2AA9C /* ListItem.m in Sources */,
				E843A5521F6ADD65000F53BC /* main.m in Sources */,
				E843A5441F6ADD64000F53BC /* AppDelegate.m in Sources */,
				E843A56D1F6AE257000F53BC /* CommonFunctions.m in Sources */,
			);
			runOnlyForDeploymentPostprocessing = 0;
		};
/* End PBXSourcesBuildPhase section */

/* Begin XCBuildConfiguration section */
		E843A5531F6ADD65000F53BC /* Debug */ = {
			isa = XCBuildConfiguration;
			buildSettings = {
				ALWAYS_SEARCH_USER_PATHS = NO;
				CLANG_ANALYZER_NONNULL = YES;
				CLANG_ANALYZER_NUMBER_OBJECT_CONVERSION = YES_AGGRESSIVE;
				CLANG_CXX_LANGUAGE_STANDARD = "gnu++14";
				CLANG_CXX_LIBRARY = "libc++";
				CLANG_ENABLE_MODULES = YES;
				CLANG_ENABLE_OBJC_ARC = YES;
				CLANG_WARN_BLOCK_CAPTURE_AUTORELEASING = YES;
				CLANG_WARN_BOOL_CONVERSION = YES;
				CLANG_WARN_COMMA = YES;
				CLANG_WARN_CONSTANT_CONVERSION = YES;
				CLANG_WARN_DIRECT_OBJC_ISA_USAGE = YES_ERROR;
				CLANG_WARN_DOCUMENTATION_COMMENTS = YES;
				CLANG_WARN_EMPTY_BODY = YES;
				CLANG_WARN_ENUM_CONVERSION = YES;
				CLANG_WARN_INFINITE_RECURSION = YES;
				CLANG_WARN_INT_CONVERSION = YES;
				CLANG_WARN_NON_LITERAL_NULL_CONVERSION = YES;
				CLANG_WARN_OBJC_LITERAL_CONVERSION = YES;
				CLANG_WARN_OBJC_ROOT_CLASS = YES_ERROR;
				CLANG_WARN_RANGE_LOOP_ANALYSIS = YES;
				CLANG_WARN_STRICT_PROTOTYPES = YES;
				CLANG_WARN_SUSPICIOUS_MOVE = YES;
				CLANG_WARN_UNGUARDED_AVAILABILITY = YES_AGGRESSIVE;
				CLANG_WARN_UNREACHABLE_CODE = YES;
				CLANG_WARN__DUPLICATE_METHOD_MATCH = YES;
				CODE_SIGN_IDENTITY = "iPhone Developer";
				COPY_PHASE_STRIP = NO;
				DEBUG_INFORMATION_FORMAT = dwarf;
				ENABLE_STRICT_OBJC_MSGSEND = YES;
				ENABLE_TESTABILITY = YES;
				GCC_C_LANGUAGE_STANDARD = gnu11;
				GCC_DYNAMIC_NO_PIC = NO;
				GCC_NO_COMMON_BLOCKS = YES;
				GCC_OPTIMIZATION_LEVEL = 0;
				GCC_PREPROCESSOR_DEFINITIONS = (
					"DEBUG=1",
					"$(inherited)",
				);
				GCC_WARN_64_TO_32_BIT_CONVERSION = YES;
				GCC_WARN_ABOUT_RETURN_TYPE = YES_ERROR;
				GCC_WARN_UNDECLARED_SELECTOR = YES;
				GCC_WARN_UNINITIALIZED_AUTOS = YES_AGGRESSIVE;
				GCC_WARN_UNUSED_FUNCTION = YES;
				GCC_WARN_UNUSED_VARIABLE = YES;
				IPHONEOS_DEPLOYMENT_TARGET = 11.0;
				MTL_ENABLE_DEBUG_INFO = YES;
				ONLY_ACTIVE_ARCH = YES;
				SDKROOT = iphoneos;
			};
			name = Debug;
		};
		E843A5541F6ADD65000F53BC /* Release */ = {
			isa = XCBuildConfiguration;
			buildSettings = {
				ALWAYS_SEARCH_USER_PATHS = NO;
				CLANG_ANALYZER_NONNULL = YES;
				CLANG_ANALYZER_NUMBER_OBJECT_CONVERSION = YES_AGGRESSIVE;
				CLANG_CXX_LANGUAGE_STANDARD = "gnu++14";
				CLANG_CXX_LIBRARY = "libc++";
				CLANG_ENABLE_MODULES = YES;
				CLANG_ENABLE_OBJC_ARC = YES;
				CLANG_WARN_BLOCK_CAPTURE_AUTORELEASING = YES;
				CLANG_WARN_BOOL_CONVERSION = YES;
				CLANG_WARN_COMMA = YES;
				CLANG_WARN_CONSTANT_CONVERSION = YES;
				CLANG_WARN_DIRECT_OBJC_ISA_USAGE = YES_ERROR;
				CLANG_WARN_DOCUMENTATION_COMMENTS = YES;
				CLANG_WARN_EMPTY_BODY = YES;
				CLANG_WARN_ENUM_CONVERSION = YES;
				CLANG_WARN_INFINITE_RECURSION = YES;
				CLANG_WARN_INT_CONVERSION = YES;
				CLANG_WARN_NON_LITERAL_NULL_CONVERSION = YES;
				CLANG_WARN_OBJC_LITERAL_CONVERSION = YES;
				CLANG_WARN_OBJC_ROOT_CLASS = YES_ERROR;
				CLANG_WARN_RANGE_LOOP_ANALYSIS = YES;
				CLANG_WARN_STRICT_PROTOTYPES = YES;
				CLANG_WARN_SUSPICIOUS_MOVE = YES;
				CLANG_WARN_UNGUARDED_AVAILABILITY = YES_AGGRESSIVE;
				CLANG_WARN_UNREACHABLE_CODE = YES;
				CLANG_WARN__DUPLICATE_METHOD_MATCH = YES;
				CODE_SIGN_IDENTITY = "iPhone Developer";
				COPY_PHASE_STRIP = NO;
				DEBUG_INFORMATION_FORMAT = "dwarf-with-dsym";
				ENABLE_NS_ASSERTIONS = NO;
				ENABLE_STRICT_OBJC_MSGSEND = YES;
				GCC_C_LANGUAGE_STANDARD = gnu11;
				GCC_NO_COMMON_BLOCKS = YES;
				GCC_WARN_64_TO_32_BIT_CONVERSION = YES;
				GCC_WARN_ABOUT_RETURN_TYPE = YES_ERROR;
				GCC_WARN_UNDECLARED_SELECTOR = YES;
				GCC_WARN_UNINITIALIZED_AUTOS = YES_AGGRESSIVE;
				GCC_WARN_UNUSED_FUNCTION = YES;
				GCC_WARN_UNUSED_VARIABLE = YES;
				IPHONEOS_DEPLOYMENT_TARGET = 11.0;
				MTL_ENABLE_DEBUG_INFO = NO;
				SDKROOT = iphoneos;
				VALIDATE_PRODUCT = YES;
			};
			name = Release;
		};
		E843A5561F6ADD65000F53BC /* Debug */ = {
			isa = XCBuildConfiguration;
			buildSettings = {
				ASSETCATALOG_COMPILER_APPICON_NAME = AppIcon;
				"CODE_SIGN_IDENTITY[sdk=iphoneos*]" = "iPhone Developer";
				CODE_SIGN_STYLE = Automatic;
				DEVELOPMENT_TEAM = 4Q6RKAKAZV;
				INFOPLIST_FILE = List/Info.plist;
				IPHONEOS_DEPLOYMENT_TARGET = 9.0;
				LD_RUNPATH_SEARCH_PATHS = "$(inherited) @executable_path/Frameworks";
				PRODUCT_BUNDLE_IDENTIFIER = com.acyooman.List;
				PRODUCT_NAME = "$(TARGET_NAME)";
				PROVISIONING_PROFILE_SPECIFIER = "";
				TARGETED_DEVICE_FAMILY = "1,2";
			};
			name = Debug;
		};
		E843A5571F6ADD65000F53BC /* Release */ = {
			isa = XCBuildConfiguration;
			buildSettings = {
				ASSETCATALOG_COMPILER_APPICON_NAME = AppIcon;
				"CODE_SIGN_IDENTITY[sdk=iphoneos*]" = "iPhone Developer";
				CODE_SIGN_STYLE = Automatic;
				DEVELOPMENT_TEAM = 4Q6RKAKAZV;
				INFOPLIST_FILE = List/Info.plist;
				IPHONEOS_DEPLOYMENT_TARGET = 9.0;
				LD_RUNPATH_SEARCH_PATHS = "$(inherited) @executable_path/Frameworks";
				PRODUCT_BUNDLE_IDENTIFIER = com.acyooman.List;
				PRODUCT_NAME = "$(TARGET_NAME)";
				PROVISIONING_PROFILE_SPECIFIER = "";
				TARGETED_DEVICE_FAMILY = "1,2";
			};
			name = Release;
		};
/* End XCBuildConfiguration section */

/* Begin XCConfigurationList section */
		E843A53A1F6ADD64000F53BC /* Build configuration list for PBXProject "List" */ = {
			isa = XCConfigurationList;
			buildConfigurations = (
				E843A5531F6ADD65000F53BC /* Debug */,
				E843A5541F6ADD65000F53BC /* Release */,
			);
			defaultConfigurationIsVisible = 0;
			defaultConfigurationName = Release;
		};
		E843A5551F6ADD65000F53BC /* Build configuration list for PBXNativeTarget "List" */ = {
			isa = XCConfigurationList;
			buildConfigurations = (
				E843A5561F6ADD65000F53BC /* Debug */,
				E843A5571F6ADD65000F53BC /* Release */,
			);
			defaultConfigurationIsVisible = 0;
			defaultConfigurationName = Release;
		};
/* End XCConfigurationList section */
	};
	rootObject = E843A5371F6ADD64000F53BC /* Project object */;
}
